
Microsoft Visual Studio Solution File, Format Version 12.00
# Visual Studio 15
VisualStudioVersion = 15.0.28307.489
MinimumVisualStudioVersion = 10.0.40219.1
Project("{FAE04EC0-301F-11D3-BF4B-00C04F79EFBC}") = "AES256EncryptDecrypt", "AES256EncryptDecrypt\AES256EncryptDecrypt.csproj", "{C5C53F68-47C3-47EA-B526-30AEC86B1FA1}"
EndProject
Global
	GlobalSection(SolutionConfigurationPlatforms) = preSolution
		Debug|Any CPU = Debug|Any CPU
		Release|Any CPU = Release|Any CPU
	EndGlobalSection
	GlobalSection(ProjectConfigurationPlatforms) = postSolution
		{C5C53F68-47C3-47EA-B526-30AEC86B1FA1}.Debug|Any CPU.ActiveCfg = Debug|Any CPU
		{C5C53F68-47C3-47EA-B526-30AEC86B1FA1}.Debug|Any CPU.Build.0 = Debug|Any CPU
		{C5C53F68-47C3-47EA-B526-30AEC86B1FA1}.Release|Any CPU.ActiveCfg = Release|Any CPU
		{C5C53F68-47C3-47EA-B526-30AEC86B1FA1}.Release|Any CPU.Build.0 = Release|Any CPU
	EndGlobalSection
	GlobalSection(SolutionProperties) = preSolution
		HideSolutionNode = FALSE
	EndGlobalSection
	GlobalSection(ExtensibilityGlobals) = postSolution
		SolutionGuid = {259B329D-E635-4381-9DD5-84AE8D5459D8}
	EndGlobalSection
EndGlobal
